
Microsoft Visual Studio Solution File, Format Version 12.00
# Visual Studio Version 16
VisualStudioVersion = 16.0.31702.278
MinimumVisualStudioVersion = 10.0.40219.1
Project("{FAE04EC0-301F-11D3-BF4B-00C04F79EFBC}") = "BankAccount", "BankAccount\BankAccount.csproj", "{11C45EF0-9441-4580-B557-3D24A7040192}"
EndProject
Project("{FAE04EC0-301F-11D3-BF4B-00C04F79EFBC}") = "UnitTestBankAccount", "UnitTestBankAccount\UnitTestBankAccount.csproj", "{C070B8D2-FF17-4AEE-8989-DC9E85122365}"
EndProject
Global
	GlobalSection(SolutionConfigurationPlatforms) = preSolution
		Debug|Any CPU = Debug|Any CPU
		Release|Any CPU = Release|Any CPU
	EndGlobalSection
	GlobalSection(ProjectConfigurationPlatforms) = postSolution
		{11C45EF0-9441-4580-B557-3D24A7040192}.Debug|Any CPU.ActiveCfg = Debug|Any CPU
		{11C45EF0-9441-4580-B557-3D24A7040192}.Debug|Any CPU.Build.0 = Debug|Any CPU
		{11C45EF0-9441-4580-B557-3D24A7040192}.Release|Any CPU.ActiveCfg = Release|Any CPU
		{11C45EF0-9441-4580-B557-3D24A7040192}.Release|Any CPU.Build.0 = Release|Any CPU
		{C070B8D2-FF17-4AEE-8989-DC9E85122365}.Debug|Any CPU.ActiveCfg = Debug|Any CPU
		{C070B8D2-FF17-4AEE-8989-DC9E85122365}.Debug|Any CPU.Build.0 = Debug|Any CPU
		{C070B8D2-FF17-4AEE-8989-DC9E85122365}.Release|Any CPU.ActiveCfg = Release|Any CPU
		{C070B8D2-FF17-4AEE-8989-DC9E85122365}.Release|Any CPU.Build.0 = Release|Any CPU
	EndGlobalSection
	GlobalSection(SolutionProperties) = preSolution
		HideSolutionNode = FALSE
	EndGlobalSection
	GlobalSection(ExtensibilityGlobals) = postSolution
		SolutionGuid = {5397A716-899F-4D15-93E6-35D793730227}
	EndGlobalSection
EndGlobal
